// !$*UTF8*$!
{
	archiveVersion = 1;
	classes = {
	};
	objectVersion = 46;
	objects = {

/* Begin PBXBuildFile section */
		771B0E061E4C41AE007CDF5A /* empty.png in Resources */ = {isa = PBXBuildFile; fileRef = 771B0E051E4C41AE007CDF5A /* empty.png */; };
		771B0E081E4C4259007CDF5A /* empty1.png in Resources */ = {isa = PBXBuildFile; fileRef = 771B0E071E4C4259007CDF5A /* empty1.png */; };
		77DB85A41E4AEEB000156424 /* main.m in Sources */ = {isa = PBXBuildFile; fileRef = 77DB85A31E4AEEB000156424 /* main.m */; };
		77DB85A71E4AEEB000156424 /* AppDelegate.m in Sources */ = {isa = PBXBuildFile; fileRef = 77DB85A61E4AEEB000156424 /* AppDelegate.m */; };
		77DB85AA1E4AEEB000156424 /* ViewController.m in Sources */ = {isa = PBXBuildFile; fileRef = 77DB85A91E4AEEB000156424 /* ViewController.m */; };
		77DB85AD1E4AEEB000156424 /* Main.storyboard in Resources */ = {isa = PBXBuildFile; fileRef = 77DB85AB1E4AEEB000156424 /* Main.storyboard */; };
		77DB85B01E4AEEB000156424 /* SourceCode.xcdatamodeld in Sources */ = {isa = PBXBuildFile; fileRef = 77DB85AE1E4AEEB000156424 /* SourceCode.xcdatamodeld */; };
		77DB85B21E4AEEB000156424 /* Assets.xcassets in Resources */ = {isa = PBXBuildFile; fileRef = 77DB85B11E4AEEB000156424 /* Assets.xcassets */; };
		77DB85B51E4AEEB000156424 /* LaunchScreen.storyboard in Resources */ = {isa = PBXBuildFile; fileRef = 77DB85B31E4AEEB000156424 /* LaunchScreen.storyboard */; };
		77DB85BF1E4AF1D200156424 /* DZNTableViewController.m in Sources */ = {isa = PBXBuildFile; fileRef = 77DB85BD1E4AF1D200156424 /* DZNTableViewController.m */; };
		77DB85C01E4AF1D200156424 /* DZNTableViewController.xib in Resources */ = {isa = PBXBuildFile; fileRef = 77DB85BE1E4AF1D200156424 /* DZNTableViewController.xib */; };
		BA1885BAF98C9F7A8606140D /* libPods-SourceCode.a in Frameworks */ = {isa = PBXBuildFile; fileRef = 650338ACA167B9A6914B66E0 /* libPods-SourceCode.a */; };
/* End PBXBuildFile section */

/* Begin PBXFileReference section */
		080489247AD8C81D1A10B215 /* Pods-SourceCode.release.xcconfig */ = {isa = PBXFileReference; includeInIndex = 1; lastKnownFileType = text.xcconfig; name = "Pods-SourceCode.release.xcconfig"; path = "Pods/Target Support Files/Pods-SourceCode/Pods-SourceCode.release.xcconfig"; sourceTree = "<group>"; };
		650338ACA167B9A6914B66E0 /* libPods-SourceCode.a */ = {isa = PBXFileReference; explicitFileType = archive.ar; includeInIndex = 0; path = "libPods-SourceCode.a"; sourceTree = BUILT_PRODUCTS_DIR; };
		771B0E051E4C41AE007CDF5A /* empty.png */ = {isa = PBXFileReference; lastKnownFileType = image.png; path = empty.png; sourceTree = "<group>"; };
		771B0E071E4C4259007CDF5A /* empty1.png */ = {isa = PBXFileReference; lastKnownFileType = image.png; path = empty1.png; sourceTree = "<group>"; };
		77DB859F1E4AEEB000156424 /* SourceCode.app */ = {isa = PBXFileReference; explicitFileType = wrapper.application; includeInIndex = 0; path = SourceCode.app; sourceTree = BUILT_PRODUCTS_DIR; };
		77DB85A31E4AEEB000156424 /* main.m */ = {isa = PBXFileReference; lastKnownFileType = sourcecode.c.objc; path = main.m; sourceTree = "<group>"; };
		77DB85A51E4AEEB000156424 /* AppDelegate.h */ = {isa = PBXFileReference; lastKnownFileType = sourcecode.c.h; path = AppDelegate.h; sourceTree = "<group>"; };
		77DB85A61E4AEEB000156424 /* AppDelegate.m */ = {isa = PBXFileReference; lastKnownFileType = sourcecode.c.objc; path = AppDelegate.m; sourceTree = "<group>"; };
		77DB85A81E4AEEB000156424 /* ViewController.h */ = {isa = PBXFileReference; lastKnownFileType = sourcecode.c.h; path = ViewController.h; sourceTree = "<group>"; };
		77DB85A91E4AEEB000156424 /* ViewController.m */ = {isa = PBXFileReference; lastKnownFileType = sourcecode.c.objc; path = ViewController.m; sourceTree = "<group>"; };
		77DB85AC1E4AEEB000156424 /* Base */ = {isa = PBXFileReference; lastKnownFileType = file.storyboard; name = Base; path = Base.lproj/Main.storyboard; sourceTree = "<group>"; };
		77DB85AF1E4AEEB000156424 /* SourceCode.xcdatamodel */ = {isa = PBXFileReference; lastKnownFileType = wrapper.xcdatamodel; path = SourceCode.xcdatamodel; sourceTree = "<group>"; };
		77DB85B11E4AEEB000156424 /* Assets.xcassets */ = {isa = PBXFileReference; lastKnownFileType = folder.assetcatalog; path = Assets.xcassets; sourceTree = "<group>"; };
		77DB85B41E4AEEB000156424 /* Base */ = {isa = PBXFileReference; lastKnownFileType = file.storyboard; name = Base; path = Base.lproj/LaunchScreen.storyboard; sourceTree = "<group>"; };
		77DB85B61E4AEEB000156424 /* Info.plist */ = {isa = PBXFileReference; lastKnownFileType = text.plist.xml; path = Info.plist; sourceTree = "<group>"; };
		77DB85BC1E4AF1D200156424 /* DZNTableViewController.h */ = {isa = PBXFileReference; fileEncoding = 4; lastKnownFileType = sourcecode.c.h; path = DZNTableViewController.h; sourceTree = "<group>"; };
		77DB85BD1E4AF1D200156424 /* DZNTableViewController.m */ = {isa = PBXFileReference; fileEncoding = 4; lastKnownFileType = sourcecode.c.objc; path = DZNTableViewController.m; sourceTree = "<group>"; };
		77DB85BE1E4AF1D200156424 /* DZNTableViewController.xib */ = {isa = PBXFileReference; fileEncoding = 4; lastKnownFileType = file.xib; path = DZNTableViewController.xib; sourceTree = "<group>"; };
		8D2945DE23E47893EA85C11C /* Pods-SourceCode.debug.xcconfig */ = {isa = PBXFileReference; includeInIndex = 1; lastKnownFileType = text.xcconfig; name = "Pods-SourceCode.debug.xcconfig"; path = "Pods/Target Support Files/Pods-SourceCode/Pods-SourceCode.debug.xcconfig"; sourceTree = "<group>"; };
/* End PBXFileReference section */

/* Begin PBXFrameworksBuildPhase section */
		77DB859C1E4AEEB000156424 /* Frameworks */ = {
			isa = PBXFrameworksBuildPhase;
			buildActionMask = 2147483647;
			files = (
				BA1885BAF98C9F7A8606140D /* libPods-SourceCode.a in Frameworks */,
			);
			runOnlyForDeploymentPostprocessing = 0;
		};
/* End PBXFrameworksBuildPhase section */

/* Begin PBXGroup section */
		771B0E041E4C41AE007CDF5A /* ReSource */ = {
			isa = PBXGroup;
			children = (
				771B0E071E4C4259007CDF5A /* empty1.png */,
				771B0E051E4C41AE007CDF5A /* empty.png */,
			);
			path = ReSource;
			sourceTree = "<group>";
		};
		77DB85961E4AEEB000156424 = {
			isa = PBXGroup;
			children = (
				77DB85A11E4AEEB000156424 /* SourceCode */,
				77DB85A01E4AEEB000156424 /* Products */,
				A88761946935CE8243278DDA /* Pods */,
				BAF1D6A098073C7D65541ACB /* Frameworks */,
			);
			sourceTree = "<group>";
		};
		77DB85A01E4AEEB000156424 /* Products */ = {
			isa = PBXGroup;
			children = (
				77DB859F1E4AEEB000156424 /* SourceCode.app */,
			);
			name = Products;
			sourceTree = "<group>";
		};
		77DB85A11E4AEEB000156424 /* SourceCode */ = {
			isa = PBXGroup;
			children = (
				771B0E041E4C41AE007CDF5A /* ReSource */,
				77DB85A51E4AEEB000156424 /* AppDelegate.h */,
				77DB85A61E4AEEB000156424 /* AppDelegate.m */,
				77DB85A81E4AEEB000156424 /* ViewController.h */,
				77DB85A91E4AEEB000156424 /* ViewController.m */,
				77DB85BC1E4AF1D200156424 /* DZNTableViewController.h */,
				77DB85BD1E4AF1D200156424 /* DZNTableViewController.m */,
				77DB85BE1E4AF1D200156424 /* DZNTableViewController.xib */,
				77DB85AB1E4AEEB000156424 /* Main.storyboard */,
				77DB85B11E4AEEB000156424 /* Assets.xcassets */,
				77DB85B31E4AEEB000156424 /* LaunchScreen.storyboard */,
				77DB85B61E4AEEB000156424 /* Info.plist */,
				77DB85AE1E4AEEB000156424 /* SourceCode.xcdatamodeld */,
				77DB85A21E4AEEB000156424 /* Supporting Files */,
			);
			path = SourceCode;
			sourceTree = "<group>";
		};
		77DB85A21E4AEEB000156424 /* Supporting Files */ = {
			isa = PBXGroup;
			children = (
				77DB85A31E4AEEB000156424 /* main.m */,
			);
			name = "Supporting Files";
			sourceTree = "<group>";
		};
		A88761946935CE8243278DDA /* Pods */ = {
			isa = PBXGroup;
			children = (
				8D2945DE23E47893EA85C11C /* Pods-SourceCode.debug.xcconfig */,
				080489247AD8C81D1A10B215 /* Pods-SourceCode.release.xcconfig */,
			);
			name = Pods;
			sourceTree = "<group>";
		};
		BAF1D6A098073C7D65541ACB /* Frameworks */ = {
			isa = PBXGroup;
			children = (
				650338ACA167B9A6914B66E0 /* libPods-SourceCode.a */,
			);
			name = Frameworks;
			sourceTree = "<group>";
		};
/* End PBXGroup section */

/* Begin PBXNativeTarget section */
		77DB859E1E4AEEB000156424 /* SourceCode */ = {
			isa = PBXNativeTarget;
			buildConfigurationList = 77DB85B91E4AEEB000156424 /* Build configuration list for PBXNativeTarget "SourceCode" */;
			buildPhases = (
				9FFC0CA0FAB84C08C7AB33E2 /* [CP] Check Pods Manifest.lock */,
				77DB859B1E4AEEB000156424 /* Sources */,
				77DB859C1E4AEEB000156424 /* Frameworks */,
				77DB859D1E4AEEB000156424 /* Resources */,
				6F357F018056EAD86FAA20FB /* [CP] Embed Pods Frameworks */,
				9900A325EA749F0286939212 /* [CP] Copy Pods Resources */,
			);
			buildRules = (
			);
			dependencies = (
			);
			name = SourceCode;
			productName = SourceCode;
			productReference = 77DB859F1E4AEEB000156424 /* SourceCode.app */;
			productType = "com.apple.product-type.application";
		};
/* End PBXNativeTarget section */

/* Begin PBXProject section */
		77DB85971E4AEEB000156424 /* Project object */ = {
			isa = PBXProject;
			attributes = {
				LastUpgradeCheck = 0820;
				ORGANIZATIONNAME = sam;
				TargetAttributes = {
					77DB859E1E4AEEB000156424 = {
						CreatedOnToolsVersion = 8.2.1;
						DevelopmentTeam = NLQS548T3Q;
						ProvisioningStyle = Automatic;
					};
				};
			};
			buildConfigurationList = 77DB859A1E4AEEB000156424 /* Build configuration list for PBXProject "SourceCode" */;
			compatibilityVersion = "Xcode 3.2";
			developmentRegion = English;
			hasScannedForEncodings = 0;
			knownRegions = (
				en,
				Base,
			);
			mainGroup = 77DB85961E4AEEB000156424;
			productRefGroup = 77DB85A01E4AEEB000156424 /* Products */;
			projectDirPath = "";
			projectRoot = "";
			targets = (
				77DB859E1E4AEEB000156424 /* SourceCode */,
			);
		};
/* End PBXProject section */

/* Begin PBXResourcesBuildPhase section */
		77DB859D1E4AEEB000156424 /* Resources */ = {
			isa = PBXResourcesBuildPhase;
			buildActionMask = 2147483647;
			files = (
				77DB85B51E4AEEB000156424 /* LaunchScreen.storyboard in Resources */,
				771B0E081E4C4259007CDF5A /* empty1.png in Resources */,
				77DB85B21E4AEEB000156424 /* Assets.xcassets in Resources */,
				771B0E061E4C41AE007CDF5A /* empty.png in Resources */,
				77DB85C01E4AF1D200156424 /* DZNTableViewController.xib in Resources */,
				77DB85AD1E4AEEB000156424 /* Main.storyboard in Resources */,
			);
			runOnlyForDeploymentPostprocessing = 0;
		};
/* End PBXResourcesBuildPhase section */

/* Begin PBXShellScriptBuildPhase section */
		6F357F018056EAD86FAA20FB /* [CP] Embed Pods Frameworks */ = {
			isa = PBXShellScriptBuildPhase;
			buildActionMask = 2147483647;
			files = (
			);
			inputPaths = (
			);
			name = "[CP] Embed Pods Frameworks";
			outputPaths = (
			);
			runOnlyForDeploymentPostprocessing = 0;
			shellPath = /bin/sh;
			shellScript = "\"${SRCROOT}/Pods/Target Support Files/Pods-SourceCode/Pods-SourceCode-frameworks.sh\"\n";
			showEnvVarsInLog = 0;
		};
		9900A325EA749F0286939212 /* [CP] Copy Pods Resources */ = {
			isa = PBXShellScriptBuildPhase;
			buildActionMask = 2147483647;
			files = (
			);
			inputPaths = (
			);
			name = "[CP] Copy Pods Resources";
			outputPaths = (
			);
			runOnlyForDeploymentPostprocessing = 0;
			shellPath = /bin/sh;
			shellScript = "\"${SRCROOT}/Pods/Target Support Files/Pods-SourceCode/Pods-SourceCode-resources.sh\"\n";
			showEnvVarsInLog = 0;
		};
		9FFC0CA0FAB84C08C7AB33E2 /* [CP] Check Pods Manifest.lock */ = {
			isa = PBXShellScriptBuildPhase;
			buildActionMask = 2147483647;
			files = (
			);
			inputPaths = (
			);
			name = "[CP] Check Pods Manifest.lock";
			outputPaths = (
			);
			runOnlyForDeploymentPostprocessing = 0;
			shellPath = /bin/sh;
			shellScript = "diff \"${PODS_ROOT}/../Podfile.lock\" \"${PODS_ROOT}/Manifest.lock\" > /dev/null\nif [[ $? != 0 ]] ; then\n    cat << EOM\nerror: The sandbox is not in sync with the Podfile.lock. Run 'pod install' or update your CocoaPods installation.\nEOM\n    exit 1\nfi\n";
			showEnvVarsInLog = 0;
		};
/* End PBXShellScriptBuildPhase section */

/* Begin PBXSourcesBuildPhase section */
		77DB859B1E4AEEB000156424 /* Sources */ = {
			isa = PBXSourcesBuildPhase;
			buildActionMask = 2147483647;
			files = (
				77DB85AA1E4AEEB000156424 /* ViewController.m in Sources */,
				77DB85BF1E4AF1D200156424 /* DZNTableViewController.m in Sources */,
				77DB85A71E4AEEB000156424 /* AppDelegate.m in Sources */,
				77DB85A41E4AEEB000156424 /* main.m in Sources */,
				77DB85B01E4AEEB000156424 /* SourceCode.xcdatamodeld in Sources */,
			);
			runOnlyForDeploymentPostprocessing = 0;
		};
/* End PBXSourcesBuildPhase section */

/* Begin PBXVariantGroup section */
		77DB85AB1E4AEEB000156424 /* Main.storyboard */ = {
			isa = PBXVariantGroup;
			children = (
				77DB85AC1E4AEEB000156424 /* Base */,
			);
			name = Main.storyboard;
			sourceTree = "<group>";
		};
		77DB85B31E4AEEB000156424 /* LaunchScreen.storyboard */ = {
			isa = PBXVariantGroup;
			children = (
				77DB85B41E4AEEB000156424 /* Base */,
			);
			name = LaunchScreen.storyboard;
			sourceTree = "<group>";
		};
/* End PBXVariantGroup section */

/* Begin XCBuildConfiguration section */
		77DB85B71E4AEEB000156424 /* Debug */ = {
			isa = XCBuildConfiguration;
			buildSettings = {
				ALWAYS_SEARCH_USER_PATHS = NO;
				CLANG_ANALYZER_NONNULL = YES;
				CLANG_CXX_LANGUAGE_STANDARD = "gnu++0x";
				CLANG_CXX_LIBRARY = "libc++";
				CLANG_ENABLE_MODULES = YES;
				CLANG_ENABLE_OBJC_ARC = YES;
				CLANG_WARN_BOOL_CONVERSION = YES;
				CLANG_WARN_CONSTANT_CONVERSION = YES;
				CLANG_WARN_DIRECT_OBJC_ISA_USAGE = YES_ERROR;
				CLANG_WARN_DOCUMENTATION_COMMENTS = YES;
				CLANG_WARN_EMPTY_BODY = YES;
				CLANG_WARN_ENUM_CONVERSION = YES;
				CLANG_WARN_INFINITE_RECURSION = YES;
				CLANG_WARN_INT_CONVERSION = YES;
				CLANG_WARN_OBJC_ROOT_CLASS = YES_ERROR;
				CLANG_WARN_SUSPICIOUS_MOVE = YES;
				CLANG_WARN_UNREACHABLE_CODE = YES;
				CLANG_WARN__DUPLICATE_METHOD_MATCH = YES;
				"CODE_SIGN_IDENTITY[sdk=iphoneos*]" = "iPhone Developer";
				COPY_PHASE_STRIP = NO;
				DEBUG_INFORMATION_FORMAT = dwarf;
				ENABLE_STRICT_OBJC_MSGSEND = YES;
				ENABLE_TESTABILITY = YES;
				GCC_C_LANGUAGE_STANDARD = gnu99;
				GCC_DYNAMIC_NO_PIC = NO;
				GCC_NO_COMMON_BLOCKS = YES;
				GCC_OPTIMIZATION_LEVEL = 0;
				GCC_PREPROCESSOR_DEFINITIONS = (
					"DEBUG=1",
					"$(inherited)",
				);
				GCC_WARN_64_TO_32_BIT_CONVERSION = YES;
				GCC_WARN_ABOUT_RETURN_TYPE = YES_ERROR;
				GCC_WARN_UNDECLARED_SELECTOR = YES;
				GCC_WARN_UNINITIALIZED_AUTOS = YES_AGGRESSIVE;
				GCC_WARN_UNUSED_FUNCTION = YES;
				GCC_WARN_UNUSED_VARIABLE = YES;
				IPHONEOS_DEPLOYMENT_TARGET = 10.2;
				MTL_ENABLE_DEBUG_INFO = YES;
				ONLY_ACTIVE_ARCH = YES;
				SDKROOT = iphoneos;
			};
			name = Debug;
		};
		77DB85B81E4AEEB000156424 /* Release */ = {
			isa = XCBuildConfiguration;
			buildSettings = {
				ALWAYS_SEARCH_USER_PATHS = NO;
				CLANG_ANALYZER_NONNULL = YES;
				CLANG_CXX_LANGUAGE_STANDARD = "gnu++0x";
				CLANG_CXX_LIBRARY = "libc++";
				CLANG_ENABLE_MODULES = YES;
				CLANG_ENABLE_OBJC_ARC = YES;
				CLANG_WARN_BOOL_CONVERSION = YES;
				CLANG_WARN_CONSTANT_CONVERSION = YES;
				CLANG_WARN_DIRECT_OBJC_ISA_USAGE = YES_ERROR;
				CLANG_WARN_DOCUMENTATION_COMMENTS = YES;
				CLANG_WARN_EMPTY_BODY = YES;
				CLANG_WARN_ENUM_CONVERSION = YES;
				CLANG_WARN_INFINITE_RECURSION = YES;
				CLANG_WARN_INT_CONVERSION = YES;
				CLANG_WARN_OBJC_ROOT_CLASS = YES_ERROR;
				CLANG_WARN_SUSPICIOUS_MOVE = YES;
				CLANG_WARN_UNREACHABLE_CODE = YES;
				CLANG_WARN__DUPLICATE_METHOD_MATCH = YES;
				"CODE_SIGN_IDENTITY[sdk=iphoneos*]" = "iPhone Developer";
				COPY_PHASE_STRIP = NO;
				DEBUG_INFORMATION_FORMAT = "dwarf-with-dsym";
				ENABLE_NS_ASSERTIONS = NO;
				ENABLE_STRICT_OBJC_MSGSEND = YES;
				GCC_C_LANGUAGE_STANDARD = gnu99;
				GCC_NO_COMMON_BLOCKS = YES;
				GCC_WARN_64_TO_32_BIT_CONVERSION = YES;
				GCC_WARN_ABOUT_RETURN_TYPE = YES_ERROR;
				GCC_WARN_UNDECLARED_SELECTOR = YES;
				GCC_WARN_UNINITIALIZED_AUTOS = YES_AGGRESSIVE;
				GCC_WARN_UNUSED_FUNCTION = YES;
				GCC_WARN_UNUSED_VARIABLE = YES;
				IPHONEOS_DEPLOYMENT_TARGET = 10.2;
				MTL_ENABLE_DEBUG_INFO = NO;
				SDKROOT = iphoneos;
				VALIDATE_PRODUCT = YES;
			};
			name = Release;
		};
		77DB85BA1E4AEEB000156424 /* Debug */ = {
			isa = XCBuildConfiguration;
			baseConfigurationReference = 8D2945DE23E47893EA85C11C /* Pods-SourceCode.debug.xcconfig */;
			buildSettings = {
				ASSETCATALOG_COMPILER_APPICON_NAME = AppIcon;
				DEVELOPMENT_TEAM = NLQS548T3Q;
				INFOPLIST_FILE = SourceCode/Info.plist;
				LD_RUNPATH_SEARCH_PATHS = "$(inherited) @executable_path/Frameworks";
				PRODUCT_BUNDLE_IDENTIFIER = sam.SourceCode;
				PRODUCT_NAME = "$(TARGET_NAME)";
			};
			name = Debug;
		};
		77DB85BB1E4AEEB000156424 /* Release */ = {
			isa = XCBuildConfiguration;
			baseConfigurationReference = 080489247AD8C81D1A10B215 /* Pods-SourceCode.release.xcconfig */;
			buildSettings = {
				ASSETCATALOG_COMPILER_APPICON_NAME = AppIcon;
				DEVELOPMENT_TEAM = NLQS548T3Q;
				INFOPLIST_FILE = SourceCode/Info.plist;
				LD_RUNPATH_SEARCH_PATHS = "$(inherited) @executable_path/Frameworks";
				PRODUCT_BUNDLE_IDENTIFIER = sam.SourceCode;
				PRODUCT_NAME = "$(TARGET_NAME)";
			};
			name = Release;
		};
/* End XCBuildConfiguration section */

/* Begin XCConfigurationList section */
		77DB859A1E4AEEB000156424 /* Build configuration list for PBXProject "SourceCode" */ = {
			isa = XCConfigurationList;
			buildConfigurations = (
				77DB85B71E4AEEB000156424 /* Debug */,
				77DB85B81E4AEEB000156424 /* Release */,
			);
			defaultConfigurationIsVisible = 0;
			defaultConfigurationName = Release;
		};
		77DB85B91E4AEEB000156424 /* Build configuration list for PBXNativeTarget "SourceCode" */ = {
			isa = XCConfigurationList;
			buildConfigurations = (
				77DB85BA1E4AEEB000156424 /* Debug */,
				77DB85BB1E4AEEB000156424 /* Release */,
			);
			defaultConfigurationIsVisible = 0;
			defaultConfigurationName = Release;
		};
/* End XCConfigurationList section */

/* Begin XCVersionGroup section */
		77DB85AE1E4AEEB000156424 /* SourceCode.xcdatamodeld */ = {
			isa = XCVersionGroup;
			children = (
				77DB85AF1E4AEEB000156424 /* SourceCode.xcdatamodel */,
			);
			currentVersion = 77DB85AF1E4AEEB000156424 /* SourceCode.xcdatamodel */;
			path = SourceCode.xcdatamodeld;
			sourceTree = "<group>";
			versionGroupType = wrapper.xcdatamodel;
		};
/* End XCVersionGroup section */
	};
	rootObject = 77DB85971E4AEEB000156424 /* Project object */;
}
